{
  "name": "yotest-web-sdk",
  "version": "1.1.2",
  "lockfileVersion": 2,
  "requires": true,
  "packages": {
    "": {
      "name": "yotest-web-sdk",
      "version": "1.1.2",
      "license": "MIT",
      "dependencies": {
        "idb": "^6.1.4"
      }
    },
    "node_modules/idb": {
      "version": "6.1.4",
      "resolved": "https://registry.npmjs.org/idb/-/idb-6.1.4.tgz",
      "integrity": "sha512-DshI5yxIB3NYc47cPpfipYX8MSIgQPqVR+WoaGI9EDq6cnLGgGYR1fp6z8/Bq9vMS8Jq1bS3eWUgXpFO5+ypSA=="
    }
  },
  "dependencies": {
    "idb": {
      "version": "6.1.4",
      "resolved": "https://registry.npmjs.org/idb/-/idb-6.1.4.tgz",
      "integrity": "sha512-DshI5yxIB3NYc47cPpfipYX8MSIgQPqVR+WoaGI9EDq6cnLGgGYR1fp6z8/Bq9vMS8Jq1bS3eWUgXpFO5+ypSA=="
    }
  }
}
